
Microsoft Visual Studio Solution File, Format Version 12.00
# Visual Studio Version 17
VisualStudioVersion = 17.7.34221.43
MinimumVisualStudioVersion = 10.0.40219.1
Project("{9A19103F-16F7-4668-BE54-9A1E7A4F7556}") = "BlazorServer", "BlazorServer\BlazorServer.csproj", "{ECBB3552-0D94-4E83-B8AC-BC1A5D6F5997}"
EndProject
Project("{9A19103F-16F7-4668-BE54-9A1E7A4F7556}") = "BlazorWebAssembly", "BlazorWebAssembly\BlazorWebAssembly.csproj", "{5FAD9AF1-0366-44C5-8EF1-9D2FF3174A76}"
EndProject
Global
	GlobalSection(SolutionConfigurationPlatforms) = preSolution
		Debug|Any CPU = Debug|Any CPU
		Release|Any CPU = Release|Any CPU
	EndGlobalSection
	GlobalSection(ProjectConfigurationPlatforms) = postSolution
		{ECBB3552-0D94-4E83-B8AC-BC1A5D6F5997}.Debug|Any CPU.ActiveCfg = Debug|Any CPU
		{ECBB3552-0D94-4E83-B8AC-BC1A5D6F5997}.Debug|Any CPU.Build.0 = Debug|Any CPU
		{ECBB3552-0D94-4E83-B8AC-BC1A5D6F5997}.Release|Any CPU.ActiveCfg = Release|Any CPU
		{ECBB3552-0D94-4E83-B8AC-BC1A5D6F5997}.Release|Any CPU.Build.0 = Release|Any CPU
		{5FAD9AF1-0366-44C5-8EF1-9D2FF3174A76}.Debug|Any CPU.ActiveCfg = Debug|Any CPU
		{5FAD9AF1-0366-44C5-8EF1-9D2FF3174A76}.Debug|Any CPU.Build.0 = Debug|Any CPU
		{5FAD9AF1-0366-44C5-8EF1-9D2FF3174A76}.Release|Any CPU.ActiveCfg = Release|Any CPU
		{5FAD9AF1-0366-44C5-8EF1-9D2FF3174A76}.Release|Any CPU.Build.0 = Release|Any CPU
	EndGlobalSection
	GlobalSection(SolutionProperties) = preSolution
		HideSolutionNode = FALSE
	EndGlobalSection
	GlobalSection(ExtensibilityGlobals) = postSolution
		SolutionGuid = {DA81079A-DD6F-48CC-8034-7049C51E99F0}
	EndGlobalSection
EndGlobal
